
Microsoft Visual Studio Solution File, Format Version 12.00
# Visual Studio Version 17
VisualStudioVersion = 17.4.33213.308
MinimumVisualStudioVersion = 10.0.40219.1
Project("{FAE04EC0-301F-11D3-BF4B-00C04F79EFBC}") = "TourOperator", "TourOperator\TourOperator.csproj", "{F8EF05DD-93B8-46AB-A496-5BC56F860939}"
EndProject
Global
	GlobalSection(SolutionConfigurationPlatforms) = preSolution
		Debug|Any CPU = Debug|Any CPU
		Release|Any CPU = Release|Any CPU
	EndGlobalSection
	GlobalSection(ProjectConfigurationPlatforms) = postSolution
		{F8EF05DD-93B8-46AB-A496-5BC56F860939}.Debug|Any CPU.ActiveCfg = Debug|Any CPU
		{F8EF05DD-93B8-46AB-A496-5BC56F860939}.Debug|Any CPU.Build.0 = Debug|Any CPU
		{F8EF05DD-93B8-46AB-A496-5BC56F860939}.Release|Any CPU.ActiveCfg = Release|Any CPU
		{F8EF05DD-93B8-46AB-A496-5BC56F860939}.Release|Any CPU.Build.0 = Release|Any CPU
	EndGlobalSection
	GlobalSection(SolutionProperties) = preSolution
		HideSolutionNode = FALSE
	EndGlobalSection
	GlobalSection(ExtensibilityGlobals) = postSolution
		SolutionGuid = {08C0844E-1C44-4CC4-84E4-EF9901793D40}
	EndGlobalSection
EndGlobal
